
Microsoft Visual Studio Solution File, Format Version 12.00
# Visual Studio Version 16
VisualStudioVersion = 16.0.29613.14
MinimumVisualStudioVersion = 10.0.40219.1
Project("{FAE04EC0-301F-11D3-BF4B-00C04F79EFBC}") = "net47whoami", "net47whoami.csproj", "{987E7472-D4F9-4D21-8DC7-F4F67324FB5F}"
EndProject
Project("{FAE04EC0-301F-11D3-BF4B-00C04F79EFBC}") = "net47whoami.Tests", "..\net47whoami.Tests\net47whoami.Tests.csproj", "{FD9C423C-AC18-4670-91EF-AAB412FAA83F}"
EndProject
Global
	GlobalSection(SolutionConfigurationPlatforms) = preSolution
		Debug|Any CPU = Debug|Any CPU
		Release|Any CPU = Release|Any CPU
	EndGlobalSection
	GlobalSection(ProjectConfigurationPlatforms) = postSolution
		{987E7472-D4F9-4D21-8DC7-F4F67324FB5F}.Debug|Any CPU.ActiveCfg = Debug|Any CPU
		{987E7472-D4F9-4D21-8DC7-F4F67324FB5F}.Debug|Any CPU.Build.0 = Debug|Any CPU
		{987E7472-D4F9-4D21-8DC7-F4F67324FB5F}.Release|Any CPU.ActiveCfg = Release|Any CPU
		{987E7472-D4F9-4D21-8DC7-F4F67324FB5F}.Release|Any CPU.Build.0 = Release|Any CPU
		{FD9C423C-AC18-4670-91EF-AAB412FAA83F}.Debug|Any CPU.ActiveCfg = Debug|Any CPU
		{FD9C423C-AC18-4670-91EF-AAB412FAA83F}.Debug|Any CPU.Build.0 = Debug|Any CPU
		{FD9C423C-AC18-4670-91EF-AAB412FAA83F}.Release|Any CPU.ActiveCfg = Release|Any CPU
		{FD9C423C-AC18-4670-91EF-AAB412FAA83F}.Release|Any CPU.Build.0 = Release|Any CPU
	EndGlobalSection
	GlobalSection(SolutionProperties) = preSolution
		HideSolutionNode = FALSE
	EndGlobalSection
	GlobalSection(ExtensibilityGlobals) = postSolution
		SolutionGuid = {C084557B-5797-43C6-BD16-79C4EC7E03BA}
	EndGlobalSection
EndGlobal
